<Solution>
  <Configurations>
    <Platform Name="x64" />
    <Platform Name="x86" />
  </Configurations>
  <Project Path="3wProject1/3wProject1.vcxproj" Id="b4eae13d-1078-40a8-956d-38913a80627a" />
  <Project Path="Practice/Practice.vcxproj" Id="080877d2-0101-487a-8046-80cecb350685" />
</Solution>
