<Solution>
  <Configurations>
    <Platform Name="x64" />
    <Platform Name="x86" />
  </Configurations>
  <Project Path="3wProject1/3wProject1.vcxproj" Id="b4eae13d-1078-40a8-956d-38913a80627a" />
  <Project Path="4wProject1/4wProject1.vcxproj" Id="9d1c00c0-9093-4703-b882-ffd22ce008b3" />
  <Project Path="4wProject2/4wProject2.vcxproj" Id="122774f8-d2c1-4d5a-8da5-966485277fb2" />
  <Project Path="4wProject3/4wProject3.vcxproj" Id="e318a647-3999-4b1a-a48e-bd003f614a75" />
  <Project Path="4wProject4/4wProject4.vcxproj" Id="5c9fa153-7555-4a93-acd7-64fdb8e059d9" />
  <Project Path="5wProject1/5wProject1.vcxproj" Id="cfc12989-5150-412d-a24f-a20dfeef3461" />
  <Project Path="5wProject2/5wProject2.vcxproj" Id="fb8d88c3-e1eb-4d26-8a71-7402256b9179" />
  <Project Path="6wProject1/6wProject1.vcxproj" Id="75bf197f-9aaa-4860-8e41-1ca4b201e7c4" />
  <Project Path="6wProject2/6wProject2.vcxproj" Id="9b20041a-a031-4ccd-94ac-24da88b4ad1b" />
  <Project Path="Practice/Practice.vcxproj" Id="910f6410-fc8f-4d85-b9f0-b97b5f259e91" />
</Solution>
